
Microsoft Visual Studio Solution File, Format Version 12.00
# Visual Studio 15
VisualStudioVersion = 15.0.27703.2042
MinimumVisualStudioVersion = 10.0.40219.1
Project("{FAE04EC0-301F-11D3-BF4B-00C04F79EFBC}") = "A10", "A10\A10.csproj", "{4C1D22B8-5EA4-4E6E-BD00-5329E4E0B5A9}"
EndProject
Project("{FAE04EC0-301F-11D3-BF4B-00C04F79EFBC}") = "A10Tests", "A10Tests\A10Tests.csproj", "{529D17C0-9308-4EC6-980C-2EE35D0DAA0A}"
EndProject
Project("{FAE04EC0-301F-11D3-BF4B-00C04F79EFBC}") = "TestCommon", "..\Common\TestCommon\TestCommon.csproj", "{C39FF0C4-6960-42AD-8E2C-D2CAFE850A52}"
EndProject
Global
	GlobalSection(SolutionConfigurationPlatforms) = preSolution
		Debug|Any CPU = Debug|Any CPU
		Release|Any CPU = Release|Any CPU
	EndGlobalSection
	GlobalSection(ProjectConfigurationPlatforms) = postSolution
		{4C1D22B8-5EA4-4E6E-BD00-5329E4E0B5A9}.Debug|Any CPU.ActiveCfg = Debug|Any CPU
		{4C1D22B8-5EA4-4E6E-BD00-5329E4E0B5A9}.Debug|Any CPU.Build.0 = Debug|Any CPU
		{4C1D22B8-5EA4-4E6E-BD00-5329E4E0B5A9}.Release|Any CPU.ActiveCfg = Release|Any CPU
		{4C1D22B8-5EA4-4E6E-BD00-5329E4E0B5A9}.Release|Any CPU.Build.0 = Release|Any CPU
		{529D17C0-9308-4EC6-980C-2EE35D0DAA0A}.Debug|Any CPU.ActiveCfg = Debug|Any CPU
		{529D17C0-9308-4EC6-980C-2EE35D0DAA0A}.Debug|Any CPU.Build.0 = Debug|Any CPU
		{529D17C0-9308-4EC6-980C-2EE35D0DAA0A}.Release|Any CPU.ActiveCfg = Release|Any CPU
		{529D17C0-9308-4EC6-980C-2EE35D0DAA0A}.Release|Any CPU.Build.0 = Release|Any CPU
		{C39FF0C4-6960-42AD-8E2C-D2CAFE850A52}.Debug|Any CPU.ActiveCfg = Debug|Any CPU
		{C39FF0C4-6960-42AD-8E2C-D2CAFE850A52}.Debug|Any CPU.Build.0 = Debug|Any CPU
		{C39FF0C4-6960-42AD-8E2C-D2CAFE850A52}.Release|Any CPU.ActiveCfg = Release|Any CPU
		{C39FF0C4-6960-42AD-8E2C-D2CAFE850A52}.Release|Any CPU.Build.0 = Release|Any CPU
	EndGlobalSection
	GlobalSection(SolutionProperties) = preSolution
		HideSolutionNode = FALSE
	EndGlobalSection
	GlobalSection(ExtensibilityGlobals) = postSolution
		SolutionGuid = {81464E16-7D26-4215-9C82-432F04F72906}
	EndGlobalSection
EndGlobal
